
Microsoft Visual Studio Solution File, Format Version 12.00
# Visual Studio Version 17
VisualStudioVersion = 17.7.34003.232
MinimumVisualStudioVersion = 10.0.40219.1
Project("{FAE04EC0-301F-11D3-BF4B-00C04F79EFBC}") = "Strings_Miller_Gabriella", "Strings_Miller_Gabriella\Strings_Miller_Gabriella.csproj", "{54D59047-AA91-4A02-B2F8-9B342455A94A}"
EndProject
Global
	GlobalSection(SolutionConfigurationPlatforms) = preSolution
		Debug|Any CPU = Debug|Any CPU
		Release|Any CPU = Release|Any CPU
	EndGlobalSection
	GlobalSection(ProjectConfigurationPlatforms) = postSolution
		{54D59047-AA91-4A02-B2F8-9B342455A94A}.Debug|Any CPU.ActiveCfg = Debug|Any CPU
		{54D59047-AA91-4A02-B2F8-9B342455A94A}.Debug|Any CPU.Build.0 = Debug|Any CPU
		{54D59047-AA91-4A02-B2F8-9B342455A94A}.Release|Any CPU.ActiveCfg = Release|Any CPU
		{54D59047-AA91-4A02-B2F8-9B342455A94A}.Release|Any CPU.Build.0 = Release|Any CPU
	EndGlobalSection
	GlobalSection(SolutionProperties) = preSolution
		HideSolutionNode = FALSE
	EndGlobalSection
	GlobalSection(ExtensibilityGlobals) = postSolution
		SolutionGuid = {733C747A-C9DA-4AD5-99FD-C8ACB2F3C6A8}
	EndGlobalSection
EndGlobal
